
Microsoft Visual Studio Solution File, Format Version 12.00
# Visual Studio 15
VisualStudioVersion = 15.0.28307.329
MinimumVisualStudioVersion = 10.0.40219.1
Project("{FAE04EC0-301F-11D3-BF4B-00C04F79EFBC}") = "RecipeFormApp", "RecipeFormApp\RecipeFormApp.csproj", "{AF236F1D-5A65-40CF-AD8D-15D25FA864BF}"
EndProject
Global
	GlobalSection(SolutionConfigurationPlatforms) = preSolution
		Debug|Any CPU = Debug|Any CPU
		Release|Any CPU = Release|Any CPU
	EndGlobalSection
	GlobalSection(ProjectConfigurationPlatforms) = postSolution
		{AF236F1D-5A65-40CF-AD8D-15D25FA864BF}.Debug|Any CPU.ActiveCfg = Debug|Any CPU
		{AF236F1D-5A65-40CF-AD8D-15D25FA864BF}.Debug|Any CPU.Build.0 = Debug|Any CPU
		{AF236F1D-5A65-40CF-AD8D-15D25FA864BF}.Release|Any CPU.ActiveCfg = Release|Any CPU
		{AF236F1D-5A65-40CF-AD8D-15D25FA864BF}.Release|Any CPU.Build.0 = Release|Any CPU
	EndGlobalSection
	GlobalSection(SolutionProperties) = preSolution
		HideSolutionNode = FALSE
	EndGlobalSection
	GlobalSection(ExtensibilityGlobals) = postSolution
		SolutionGuid = {426A63EB-32CB-4E71-9EA3-9B6C0AB9E170}
	EndGlobalSection
EndGlobal
